
Microsoft Visual Studio Solution File, Format Version 12.00
# Visual Studio Version 16
VisualStudioVersion = 16.0.30011.22
MinimumVisualStudioVersion = 10.0.40219.1
Project("{CC5FD16D-436D-48AD-A40C-5A424C6E3E79}") = "Lingjia-Chen-2", "Lingjia-Chen-2\Lingjia-Chen-2.ccproj", "{65525B6F-8AE4-4FA1-A383-C8C793FBC724}"
EndProject
Project("{FAE04EC0-301F-11D3-BF4B-00C04F79EFBC}") = "WebRole1", "WebRole1\WebRole1.csproj", "{1E7895AE-F5B7-45C3-99FA-3CF154FBCF8D}"
EndProject
Project("{FAE04EC0-301F-11D3-BF4B-00C04F79EFBC}") = "FRS", "FRS\FRS.csproj", "{F2A062E9-221B-46A2-810D-752686013AEB}"
EndProject
Project("{FAE04EC0-301F-11D3-BF4B-00C04F79EFBC}") = "HRS", "HRS\HRS.csproj", "{1D225E77-58D0-4CE3-997F-B4E9C5D03DE1}"
EndProject
Global
	GlobalSection(SolutionConfigurationPlatforms) = preSolution
		Debug|Any CPU = Debug|Any CPU
		Release|Any CPU = Release|Any CPU
	EndGlobalSection
	GlobalSection(ProjectConfigurationPlatforms) = postSolution
		{65525B6F-8AE4-4FA1-A383-C8C793FBC724}.Debug|Any CPU.ActiveCfg = Debug|Any CPU
		{65525B6F-8AE4-4FA1-A383-C8C793FBC724}.Debug|Any CPU.Build.0 = Debug|Any CPU
		{65525B6F-8AE4-4FA1-A383-C8C793FBC724}.Release|Any CPU.ActiveCfg = Release|Any CPU
		{65525B6F-8AE4-4FA1-A383-C8C793FBC724}.Release|Any CPU.Build.0 = Release|Any CPU
		{1E7895AE-F5B7-45C3-99FA-3CF154FBCF8D}.Debug|Any CPU.ActiveCfg = Debug|Any CPU
		{1E7895AE-F5B7-45C3-99FA-3CF154FBCF8D}.Debug|Any CPU.Build.0 = Debug|Any CPU
		{1E7895AE-F5B7-45C3-99FA-3CF154FBCF8D}.Release|Any CPU.ActiveCfg = Release|Any CPU
		{1E7895AE-F5B7-45C3-99FA-3CF154FBCF8D}.Release|Any CPU.Build.0 = Release|Any CPU
		{F2A062E9-221B-46A2-810D-752686013AEB}.Debug|Any CPU.ActiveCfg = Debug|Any CPU
		{F2A062E9-221B-46A2-810D-752686013AEB}.Debug|Any CPU.Build.0 = Debug|Any CPU
		{F2A062E9-221B-46A2-810D-752686013AEB}.Release|Any CPU.ActiveCfg = Release|Any CPU
		{F2A062E9-221B-46A2-810D-752686013AEB}.Release|Any CPU.Build.0 = Release|Any CPU
		{1D225E77-58D0-4CE3-997F-B4E9C5D03DE1}.Debug|Any CPU.ActiveCfg = Debug|Any CPU
		{1D225E77-58D0-4CE3-997F-B4E9C5D03DE1}.Debug|Any CPU.Build.0 = Debug|Any CPU
		{1D225E77-58D0-4CE3-997F-B4E9C5D03DE1}.Release|Any CPU.ActiveCfg = Release|Any CPU
		{1D225E77-58D0-4CE3-997F-B4E9C5D03DE1}.Release|Any CPU.Build.0 = Release|Any CPU
	EndGlobalSection
	GlobalSection(SolutionProperties) = preSolution
		HideSolutionNode = FALSE
	EndGlobalSection
	GlobalSection(ExtensibilityGlobals) = postSolution
		SolutionGuid = {0A720109-EA1D-478E-A29E-B5D0F2C9E54C}
	EndGlobalSection
EndGlobal
